
Microsoft Visual Studio Solution File, Format Version 12.00
# Visual Studio 14
VisualStudioVersion = 14.0.25420.1
MinimumVisualStudioVersion = 10.0.40219.1
Project("{FAE04EC0-301F-11D3-BF4B-00C04F79EFBC}") = "AutosGUI", "AutosGUI\AutosGUI.csproj", "{9E35077F-FEF0-4148-BA86-817E0288EB96}"
EndProject
Global
	GlobalSection(SolutionConfigurationPlatforms) = preSolution
		Debug|Any CPU = Debug|Any CPU
		Release|Any CPU = Release|Any CPU
	EndGlobalSection
	GlobalSection(ProjectConfigurationPlatforms) = postSolution
		{9E35077F-FEF0-4148-BA86-817E0288EB96}.Debug|Any CPU.ActiveCfg = Debug|Any CPU
		{9E35077F-FEF0-4148-BA86-817E0288EB96}.Debug|Any CPU.Build.0 = Debug|Any CPU
		{9E35077F-FEF0-4148-BA86-817E0288EB96}.Release|Any CPU.ActiveCfg = Release|Any CPU
		{9E35077F-FEF0-4148-BA86-817E0288EB96}.Release|Any CPU.Build.0 = Release|Any CPU
	EndGlobalSection
	GlobalSection(SolutionProperties) = preSolution
		HideSolutionNode = FALSE
	EndGlobalSection
EndGlobal
